
Microsoft Visual Studio Solution File, Format Version 12.00
# Visual Studio Version 16
VisualStudioVersion = 16.0.29926.136
MinimumVisualStudioVersion = 10.0.40219.1
Project("{FAE04EC0-301F-11D3-BF4B-00C04F79EFBC}") = "TimeManager", "TimeManager\TimeManager.csproj", "{076C11A8-0916-4A99-AED4-DC138C5AB3B5}"
EndProject
Global
	GlobalSection(SolutionConfigurationPlatforms) = preSolution
		Debug|Any CPU = Debug|Any CPU
		Release|Any CPU = Release|Any CPU
	EndGlobalSection
	GlobalSection(ProjectConfigurationPlatforms) = postSolution
		{076C11A8-0916-4A99-AED4-DC138C5AB3B5}.Debug|Any CPU.ActiveCfg = Debug|Any CPU
		{076C11A8-0916-4A99-AED4-DC138C5AB3B5}.Debug|Any CPU.Build.0 = Debug|Any CPU
		{076C11A8-0916-4A99-AED4-DC138C5AB3B5}.Release|Any CPU.ActiveCfg = Release|Any CPU
		{076C11A8-0916-4A99-AED4-DC138C5AB3B5}.Release|Any CPU.Build.0 = Release|Any CPU
	EndGlobalSection
	GlobalSection(SolutionProperties) = preSolution
		HideSolutionNode = FALSE
	EndGlobalSection
	GlobalSection(ExtensibilityGlobals) = postSolution
		SolutionGuid = {C43A0627-7064-402B-8ECD-AF475B121512}
	EndGlobalSection
EndGlobal
